{
  "originHash" : "00a1c96095892a05bfd089593813422ede18735e452666e3e7a642ebd9048a45",
  "pins" : [
    {
      "identity" : "highlighterswift",
      "kind" : "remoteSourceControl",
      "location" : "https://github.com/smittytone/HighlighterSwift",
      "state" : {
        "revision" : "8b310b2b299004d3acb2135f8f4b24ab40bd56d0"
      }
    }
  ],
  "version" : 3
}
