{
  "originHash" : "00a1c96095892a05bfd089593813422ede18735e452666e3e7a642ebd9048a45",
  "pins" : [
    {
      "identity" : "highlighterswift",
      "kind" : "remoteSourceControl",
      "location" : "https://github.com/smittytone/HighlighterSwift",
      "state" : {
        "branch" : "develop",
        "revision" : "b45ffac82dcc073f79a06eb629ce46949bde1810"
      }
    }
  ],
  "version" : 3
}
